
Microsoft Visual Studio Solution File, Format Version 12.00
# Visual Studio Version 17
VisualStudioVersion = 17.3.32929.385
MinimumVisualStudioVersion = 10.0.40219.1
Project("{FAE04EC0-301F-11D3-BF4B-00C04F79EFBC}") = "TaskPronia", "TaskPronia.csproj", "{F278E5A6-C7C4-4C63-94C6-30C70292F47D}"
EndProject
Global
	GlobalSection(SolutionConfigurationPlatforms) = preSolution
		Debug|Any CPU = Debug|Any CPU
		Release|Any CPU = Release|Any CPU
	EndGlobalSection
	GlobalSection(ProjectConfigurationPlatforms) = postSolution
		{F278E5A6-C7C4-4C63-94C6-30C70292F47D}.Debug|Any CPU.ActiveCfg = Debug|Any CPU
		{F278E5A6-C7C4-4C63-94C6-30C70292F47D}.Debug|Any CPU.Build.0 = Debug|Any CPU
		{F278E5A6-C7C4-4C63-94C6-30C70292F47D}.Release|Any CPU.ActiveCfg = Release|Any CPU
		{F278E5A6-C7C4-4C63-94C6-30C70292F47D}.Release|Any CPU.Build.0 = Release|Any CPU
	EndGlobalSection
	GlobalSection(SolutionProperties) = preSolution
		HideSolutionNode = FALSE
	EndGlobalSection
	GlobalSection(ExtensibilityGlobals) = postSolution
		SolutionGuid = {0390C5FC-A95A-4B0C-B8E6-AF925C9092B6}
	EndGlobalSection
EndGlobal
